{
    "_meta": {
        "hash": {
            "sha256": "5d6d9722f5c6b6bd6988ce0d790c344a913b63cb97ee14ec1d95a494966b5aba"
        },
        "pipfile-spec": 6,
        "requires": {
            "python_version": "3.8"
        },
        "sources": [
            {
                "name": "pypi",
                "url": "https://pypi.org/simple",
                "verify_ssl": true
            }
        ]
    },
    "default": {
        "altgraph": {
            "hashes": [
                "sha256:1f05a47122542f97028caf78775a095fbe6a2699b5089de8477eb583167d69aa",
                "sha256:c623e5f3408ca61d4016f23a681b9adb100802ca3e3da5e718915a9e4052cebe"
            ],
            "version": "==0.17"
        },
        "argh": {
            "hashes": [
                "sha256:a9b3aaa1904eeb78e32394cd46c6f37ac0fb4af6dc488daa58971bdc7d7fcaf3",
                "sha256:e9535b8c84dc9571a48999094fda7f33e63c3f1b74f3e5f3ac0105a58405bb65"
            ],
            "version": "==0.26.2"
        },
        "glfw": {
            "hashes": [
                "sha256:169b1a5fa8ac0e72ae6675d75bd6bf538cf05f26545051ea24240c7deb5fe6ad",
                "sha256:65891182413d7a7141e07d8cebb69fae640236e890eb3645fdd8512d8aa9d0e2",
                "sha256:ab1d34993401545a51c2bcdb2cff26d73b81c7ddd67e83a680a5e7ac0cede929"
            ],
            "index": "pypi",
            "version": "==1.8.4"
        },
        "imgui": {
            "extras": [
                "glfw"
            ],
            "hashes": [
                "sha256:0399ca3435d97327f5f5f846de6c895551ea41f891686e93a624aeced24029a9",
                "sha256:064be86025ba6b71e203cb4651053e0f18a02a88cabb1ea13294ea16257b27ea",
                "sha256:0c00a58a49b66392f2a5c13fee219eed23696bfe8e86861677d4b1fb630e388d",
                "sha256:1027be7f1f94a28f271753c86efb96ad60e5c727444acd22d597b316a5cc3457",
                "sha256:19c8bd63d333fc4f46020502bcc5235770c5f099efa8419ed12a8d5f78bd66d9",
                "sha256:1c6dc4926785c6f1f6968096eb26612f9464ff9b7e99db9cf4cb366a8930875a",
                "sha256:22b70a349207218edb66b01502989f94efbdf6ea26bdb5a007e1be50643cc95f",
                "sha256:248d6306e02ae9ee99c35ac9c023873845aba94127cfd6dbf5cb3040fc97038f",
                "sha256:41a833f9b3cf357a0d276d2eb48855e7f958caea4c2b075dd886c5e998f57908",
                "sha256:442d00d46f5f3304dd5f5e048b44c2d764c85d293ba7817facf90b1528c75d23",
                "sha256:49e631848db33bba2183702b1c53a71e9786d45140b007aeff36b06670dc69eb",
                "sha256:514c7346dbb4a5af056c8d61bd434e86be3ce5558235437b57bf66adc10b1dde",
                "sha256:7365c48d43c42a4ad8df59cfba0bd05c3709bc35f1cfa7e783b0ee42faf88f9f",
                "sha256:7df226af285b5ac1f007306f2c8bd152177b66b515d1ddb3c6939a6741aeca5c",
                "sha256:847d935d7f03c879836cb513f701a247ae6ff70330bc0a8a9a3ee17a098420cb",
                "sha256:985b3935846af35abc047869d5ac7469d65008687e2f0eb4d65b40fecf089b86",
                "sha256:a9da162373ce1088160ce6642bf67bc676b7fdd11889bd8c18bb5faff67e14f6",
                "sha256:b36a28e8b31379380902e20709014638419b2c791f2a6c0b229a30d45ecc48f8",
                "sha256:b42df71feb1c368b0c73ec62cde28a2d95f427a1b3090f33a1e364fc1c24656f",
                "sha256:c6fa478b3ea91163ed4bfaab4e4e682cc2a8c631b177be122957860e1ab51c37",
                "sha256:c6fbdcff567944f6fe1b5e557acaefcaf0b54243454c5f75682b8296a3e2d883",
                "sha256:c9a3870484e8c6f04186667013b01b40d46c787bac801c188d0eb6bfced4b56c",
                "sha256:cb5115913674b49d23490a3193069b0dc8dbb964387c3662698afb6b1d7eec37",
                "sha256:cc31feb2b8e9b06e35495ebcd346f4f68cb9d0c4acd8a34d19356b2e8b5ac4fc",
                "sha256:cfe90388d5275971b83fa52ac38eb76fd6c7821ce5f5c2a27c73f25d46648539",
                "sha256:d13c59caed00a3c4aabdceb8b4653e26c911f1bc909d4dfdc3fad35319ebfc01",
                "sha256:d21f358271473c70fbb3fd476ba01c3996e930944bb54e0591f2c40a7a237122",
                "sha256:d733a5d62e49e3ba576a43fca3f141478875f0cfabc135767d1b4329933358d3",
                "sha256:ea426563e8a12abdf4e65a83e4612937b1a235c5d7ef556e2db4abcb885d3d99",
                "sha256:ebd81fee5038fef27f2f443a67e7f30cafcb6b97013184de32739b176ea0e44b",
                "sha256:f011801a5be3256b54e001889898368b0b6fc1d54f8df1a11947cfc5701b95d8",
                "sha256:f285c945f78ea7a1a6e128946a6c4d7a28211ef3e8eb7086a3784f7168cb9c2b",
                "sha256:f405921a3fd9ef07b792f4118d24c8db658d14e53c8d6866cec12d17c87f3303",
                "sha256:f80f2782a4f1aed5043ca24bf6e32f3b1153c688f1e2be5b76f01b83dd98d439"
            ],
            "index": "pypi",
            "version": "==1.1.0"
        },
        "moderngl": {
            "hashes": [
                "sha256:007e885bc1724c6ce1d2bda76b9a3eaf013071c8955932e1eb1fdff78137f064",
                "sha256:06f944a920a4d4f90e40aa4ad6966ee3514bc7e065fe68933178e3e13c380725",
                "sha256:08badabb6a1bbc9aa9e65fae8ecd3275d8342cb45d9c457b19e32b3312a8b663",
                "sha256:1650416dff5c7c2e8d29143c91ecba0250d5c7d2e3f990646f345cf6e2ddb8a0",
                "sha256:189b23d5f697aafc431fd0674a4146dddb334d6fcd7370c05606391c124a3400",
                "sha256:19f0f61f3202cc3e7f11f96f46240fb2fd4a1f03839201367343996cc4b0ff0f",
                "sha256:1fd43bcd5de8c1d251963fa75a69c8a5819eead2d41c6d60a53a7b3face4a564",
                "sha256:3266f7786d822efc2c3cf662e2fe40a08a1e33e250ac7928f5974d9c86dd5652",
                "sha256:357349d930758cc7aa9e61cf32ddd28503d0586b263031790030cab347f2b5c0",
                "sha256:597d2a9e86dce08967a4ce724ee5b137f3ec5c62f749669074e57b78c4df2c64",
                "sha256:669f76f4cee7c941fa993fce7d34f578d3539307dbbf637c0dd772970f044d57",
                "sha256:7275975b6fb3a49218e794513c648324767de4b98ec989283756ee0481a640f5",
                "sha256:7cfd103b3a51733e2d7f0b276ac91a60cb0b8ba8bcdb0a959856064e18a3b2c6",
                "sha256:91db3b3f62114d2423b79be14a1561f99a03c253dff40200ee7394bd99ec9627",
                "sha256:d0e225d8d50622383ba694d48bf8c5d52e0ae76b2af5d05540da35058f28d02c",
                "sha256:dfd1cd9a75314311d7128f4849a188dbed55fdff4e300c56dddce3a6ade322d8",
                "sha256:e486a2ac8369291f4b5cecfb74db77dabadb0207ee932433f22522f1a0270487",
                "sha256:f90599e7cf4522d7b9f179005ad37ff096f712f4254c962a1bbd9f0bf347a258",
                "sha256:ffca445f3dbeef9f5848c2e65559c7e65ca46e686dc5bbea51b80bf00a0f77cc"
            ],
            "index": "pypi",
            "version": "==5.5.4"
        },
        "numpy": {
            "hashes": [
                "sha256:0a7a1dd123aecc9f0076934288ceed7fd9a81ba3919f11a855a7887cbe82a02f",
                "sha256:0c0763787133dfeec19904c22c7e358b231c87ba3206b211652f8cbe1241deb6",
                "sha256:3d52298d0be333583739f1aec9026f3b09fdfe3ddf7c7028cb16d9d2af1cca7e",
                "sha256:43bb4b70585f1c2d153e45323a886839f98af8bfa810f7014b20be714c37c447",
                "sha256:475963c5b9e116c38ad7347e154e5651d05a2286d86455671f5b1eebba5feb76",
                "sha256:64874913367f18eb3013b16123c9fed113962e75d809fca5b78ebfbb73ed93ba",
                "sha256:683828e50c339fc9e68720396f2de14253992c495fdddef77a1e17de55f1decc",
                "sha256:6ca4000c4a6f95a78c33c7dadbb9495c10880be9c89316aa536eac359ab820ae",
                "sha256:75fd817b7061f6378e4659dd792c84c0b60533e867f83e0d1e52d5d8e53df88c",
                "sha256:7d81d784bdbed30137aca242ab307f3e65c8d93f4c7b7d8f322110b2e90177f9",
                "sha256:8d0af8d3664f142414fd5b15cabfd3b6cc3ef242a3c7a7493257025be5a6955f",
                "sha256:9679831005fb16c6df3dd35d17aa31dc0d4d7573d84f0b44cc481490a65c7725",
                "sha256:a8f67ebfae9f575d85fa859b54d3bdecaeece74e3274b0b5c5f804d7ca789fe1",
                "sha256:acbf5c52db4adb366c064d0b7c7899e3e778d89db585feadd23b06b587d64761",
                "sha256:ada4805ed51f5bcaa3a06d3dd94939351869c095e30a2b54264f5a5004b52170",
                "sha256:c7354e8f0eca5c110b7e978034cd86ed98a7a5ffcf69ca97535445a595e07b8e",
                "sha256:e2e9d8c87120ba2c591f60e32736b82b67f72c37ba88a4c23c81b5b8fa49c018",
                "sha256:e467c57121fe1b78a8f68dd9255fbb3bb3f4f7547c6b9e109f31d14569f490c3",
                "sha256:ede47b98de79565fcd7f2decb475e2dcc85ee4097743e551fe26cfc7eb3ff143",
                "sha256:f58913e9227400f1395c7b800503ebfdb0772f1c33ff8cb4d6451c06cabdf316",
                "sha256:fe39f5fd4103ec4ca3cb8600b19216cd1ff316b4990f4c0b6057ad982c0a34d5"
            ],
            "index": "pypi",
            "version": "==1.17.4"
        },
        "pathtools": {
            "hashes": [
                "sha256:7c35c5421a39bb82e58018febd90e3b6e5db34c5443aaaf742b3f33d4655f1c0"
            ],
            "version": "==0.1.2"
        },
        "pyglm": {
            "hashes": [
                "sha256:087dec46e1f8113204ed6897ac1d7e57a8411bf1515084a2a7801b74bc2e6060",
                "sha256:112349d89409d44dd1640505a7f2f6ec5dac0328674f382eebbe3f0fa9dadb27",
                "sha256:693388290ec561adec29035fcf40348a2ef30e865d4b10f15e799bfc31daa5ba",
                "sha256:7277c7fbe24af0771c5d636f995d6518c170b3c1f67b311a79be409d8629b90e",
                "sha256:8e04e4374a19409102c782336317bdabc4137ffd64c85f31a1e8dde9923a99e6",
                "sha256:99ec702fd3ff180e96bf7e5380603f230908cc529c0069bffb88de91d9800cda",
                "sha256:a6308a2a5566e93fd76479e1fe3633d2aa0ae159bc86fa49e8604c9d8db224f9",
                "sha256:da4b34ee4976f2440685e811486f3be90b7e472b945a702f9e2f36065b403ee9",
                "sha256:f542951c62c5f039c63fea88b16aaae24301587b08517fe3fd346185d3530d7c"
            ],
            "index": "pypi",
            "version": "==1.1.2"
        },
        "pyinstaller": {
            "hashes": [
                "sha256:ee7504022d1332a3324250faf2135ea56ac71fdb6309cff8cd235de26b1d0a96"
            ],
            "index": "pypi",
            "version": "==3.5"
        },
        "pyopengl": {
            "hashes": [
                "sha256:11ad32c7bde7ea0ffb7a94dd552c639ca72376982a8dd6fe0c092d2002a4ca6e",
                "sha256:36b4ac28220e4bfa29e5557525ad2967ca74558a94bccea48864fc742b18db11",
                "sha256:4107ba0d0390da5766a08c242cf0cf3404c377ed293c5f6d701e457c57ba3424"
            ],
            "version": "==3.1.5"
        },
        "pyyaml": {
            "hashes": [
                "sha256:02c78d77281d8f8d07a255e57abdbf43b02257f59f50cc6b636937d68efa5dd0",
                "sha256:0dc9f2eb2e3c97640928dec63fd8dc1dd91e6b6ed236bd5ac00332b99b5c2ff9",
                "sha256:124fd7c7bc1e95b1eafc60825f2daf67c73ce7b33f1194731240d24b0d1bf628",
                "sha256:26fcb33776857f4072601502d93e1a619f166c9c00befb52826e7b774efaa9db",
                "sha256:31ba07c54ef4a897758563e3a0fcc60077698df10180abe4b8165d9895c00ebf",
                "sha256:3c49e39ac034fd64fd576d63bb4db53cda89b362768a67f07749d55f128ac18a",
                "sha256:52bf0930903818e600ae6c2901f748bc4869c0c406056f679ab9614e5d21a166",
                "sha256:5a3f345acff76cad4aa9cb171ee76c590f37394186325d53d1aa25318b0d4a09",
                "sha256:5e7ac4e0e79a53451dc2814f6876c2fa6f71452de1498bbe29c0b54b69a986f4",
                "sha256:7242790ab6c20316b8e7bb545be48d7ed36e26bbe279fd56f2c4a12510e60b4b",
                "sha256:737bd70e454a284d456aa1fa71a0b429dd527bcbf52c5c33f7c8eee81ac16b89",
                "sha256:8635d53223b1f561b081ff4adecb828fd484b8efffe542edcfdff471997f7c39",
                "sha256:8b818b6c5a920cbe4203b5a6b14256f0e5244338244560da89b7b0f1313ea4b6",
                "sha256:8bf38641b4713d77da19e91f8b5296b832e4db87338d6aeffe422d42f1ca896d",
                "sha256:a36a48a51e5471513a5aea920cdad84cbd56d70a5057cca3499a637496ea379c",
                "sha256:b2243dd033fd02c01212ad5c601dafb44fbb293065f430b0d3dbf03f3254d615",
                "sha256:cc547d3ead3754712223abb7b403f0a184e4c3eae18c9bb7fd15adef1597cc4b",
                "sha256:cc552b6434b90d9dbed6a4f13339625dc466fd82597119897e9489c953acbc22",
                "sha256:f3790156c606299ff499ec44db422f66f05a7363b39eb9d5b064f17bd7d7c47b",
                "sha256:f7a21e3d99aa3095ef0553e7ceba36fb693998fbb1226f1392ce33681047465f",
                "sha256:fdc6b2cb4b19e431994f25a9160695cc59a4e861710cc6fc97161c5e845fc579"
            ],
            "index": "pypi",
            "version": "==5.4"
        },
        "watchdog": {
            "hashes": [
                "sha256:965f658d0732de3188211932aeb0bb457587f04f63ab4c1e33eab878e9de961d"
            ],
            "index": "pypi",
            "version": "==0.9.0"
        }
    },
    "develop": {}
}
